# THIS IS AN AUTOGENERATED FILE. DO NOT EDIT THIS FILE DIRECTLY.
# yarn lockfile v1


ansi-regex@^2.0.0:
  version "2.1.1"
  resolved "https://registry.yarnpkg.com/ansi-regex/-/ansi-regex-2.1.1.tgz#c3b33ab5ee360d86e0e628f0468ae7ef27d654df"

array-iterate@^1.0.0:
  version "1.1.1"
  resolved "https://registry.yarnpkg.com/array-iterate/-/array-iterate-1.1.1.tgz#865bf7f8af39d6b0982c60902914ac76bc0108f6"

bail@^1.0.0:
  version "1.0.2"
  resolved "https://registry.yarnpkg.com/bail/-/bail-1.0.2.tgz#f7d6c1731630a9f9f0d4d35ed1f962e2074a1764"

boolbase@~1.0.0:
  version "1.0.0"
  resolved "https://registry.yarnpkg.com/boolbase/-/boolbase-1.0.0.tgz#68dff5fbe60c51eb37725ea9e3ed310dcc1e776e"

camelcase@^3.0.0:
  version "3.0.0"
  resolved "https://registry.yarnpkg.com/camelcase/-/camelcase-3.0.0.tgz#32fc4b9fcdaf845fcdf7e73bb97cac2261f0ab0a"

ccount@^1.0.0:
  version "1.0.2"
  resolved "https://registry.yarnpkg.com/ccount/-/ccount-1.0.2.tgz#53b6a2f815bb77b9c2871f7b9a72c3a25f1d8e89"

character-entities-html4@^1.0.0:
  version "1.1.1"
  resolved "https://registry.yarnpkg.com/character-entities-html4/-/character-entities-html4-1.1.1.tgz#359a2a4a0f7e29d3dc2ac99bdbe21ee39438ea50"

character-entities-legacy@^1.0.0:
  version "1.1.1"
  resolved "https://registry.yarnpkg.com/character-entities-legacy/-/character-entities-legacy-1.1.1.tgz#f40779df1a101872bb510a3d295e1fccf147202f"

character-entities@^1.0.0:
  version "1.2.1"
  resolved "https://registry.yarnpkg.com/character-entities/-/character-entities-1.2.1.tgz#f76871be5ef66ddb7f8f8e3478ecc374c27d6dca"

character-reference-invalid@^1.0.0:
  version "1.1.1"
  resolved "https://registry.yarnpkg.com/character-reference-invalid/-/character-reference-invalid-1.1.1.tgz#942835f750e4ec61a308e60c2ef8cc1011202efc"

code-point-at@^1.0.0:
  version "1.1.0"
  resolved "https://registry.yarnpkg.com/code-point-at/-/code-point-at-1.1.0.tgz#0d070b4d043a5bea33a2f1a40e2edb3d9a4ccf77"

collapse-white-space@^1.0.0, collapse-white-space@^1.0.2:
  version "1.0.3"
  resolved "https://registry.yarnpkg.com/collapse-white-space/-/collapse-white-space-1.0.3.tgz#4b906f670e5a963a87b76b0e1689643341b6023c"

comma-separated-tokens@^1.0.0, comma-separated-tokens@^1.0.1:
  version "1.0.4"
  resolved "https://registry.yarnpkg.com/comma-separated-tokens/-/comma-separated-tokens-1.0.4.tgz#72083e58d4a462f01866f6617f4d98a3cd3b8a46"
  dependencies:
    trim "0.0.1"

css-selector-parser@^1.1.0:
  version "1.3.0"
  resolved "https://registry.yarnpkg.com/css-selector-parser/-/css-selector-parser-1.3.0.tgz#5f1ad43e2d8eefbfdc304fcd39a521664943e3eb"

d@1:
  version "1.0.0"
  resolved "https://registry.yarnpkg.com/d/-/d-1.0.0.tgz#754bb5bfe55451da69a58b94d45f4c5b0462d58f"
  dependencies:
    es5-ext "^0.10.9"

debug@^2.2.0:
  version "2.6.9"
  resolved "https://registry.yarnpkg.com/debug/-/debug-2.6.9.tgz#5d128515df134ff327e90a4c93f4e077a536341f"
  dependencies:
    ms "2.0.0"

detab@^2.0.0:
  version "2.0.1"
  resolved "https://registry.yarnpkg.com/detab/-/detab-2.0.1.tgz#531f5e326620e2fd4f03264a905fb3bcc8af4df4"
  dependencies:
    repeat-string "^1.5.4"

es5-ext@^0.10.14, es5-ext@^0.10.35, es5-ext@^0.10.9, es5-ext@~0.10.14:
  version "0.10.35"
  resolved "https://registry.yarnpkg.com/es5-ext/-/es5-ext-0.10.35.tgz#18ee858ce6a3c45c7d79e91c15fcca9ec568494f"
  dependencies:
    es6-iterator "~2.0.1"
    es6-symbol "~3.1.1"

es6-iterator@^2.0.1, es6-iterator@~2.0.1:
  version "2.0.3"
  resolved "https://registry.yarnpkg.com/es6-iterator/-/es6-iterator-2.0.3.tgz#a7de889141a05a94b0854403b2d0a0fbfa98f3b7"
  dependencies:
    d "1"
    es5-ext "^0.10.35"
    es6-symbol "^3.1.1"

es6-symbol@^3.1.1, es6-symbol@~3.1.1:
  version "3.1.1"
  resolved "https://registry.yarnpkg.com/es6-symbol/-/es6-symbol-3.1.1.tgz#bf00ef4fdab6ba1b46ecb7b629b4c7ed5715cc77"
  dependencies:
    d "1"
    es5-ext "~0.10.14"

es6-weak-map@^2.0.1:
  version "2.0.2"
  resolved "https://registry.yarnpkg.com/es6-weak-map/-/es6-weak-map-2.0.2.tgz#5e3ab32251ffd1538a1f8e5ffa1357772f92d96f"
  dependencies:
    d "1"
    es5-ext "^0.10.14"
    es6-iterator "^2.0.1"
    es6-symbol "^3.1.1"

extend@^3.0.0:
  version "3.0.1"
  resolved "https://registry.yarnpkg.com/extend/-/extend-3.0.1.tgz#a755ea7bc1adfcc5a31ce7e762dbaadc5e636444"

fast-equals@^1.0.5:
  version "1.0.5"
  resolved "https://registry.yarnpkg.com/fast-equals/-/fast-equals-1.0.5.tgz#1c4f9486625423130f0eee10dd1d5eb3e602e249"

fault@^1.0.1:
  version "1.0.1"
  resolved "https://registry.yarnpkg.com/fault/-/fault-1.0.1.tgz#de8d350dfd48be24b5dc1b02867e0871b9135092"
  dependencies:
    format "^0.2.2"

format@^0.2.2:
  version "0.2.2"
  resolved "https://registry.yarnpkg.com/format/-/format-0.2.2.tgz#d6170107e9efdc4ed30c9dc39016df942b5cb58b"

function-bind@^1.0.2:
  version "1.1.1"
  resolved "https://registry.yarnpkg.com/function-bind/-/function-bind-1.1.1.tgz#a56899d3ea3c9bab874bb9773b7c5ede92f4895d"

has-flag@^2.0.0:
  version "2.0.0"
  resolved "https://registry.yarnpkg.com/has-flag/-/has-flag-2.0.0.tgz#e8207af1cc7b30d446cc70b734b5e8be18f88d51"

has@^1.0.1:
  version "1.0.1"
  resolved "https://registry.yarnpkg.com/has/-/has-1.0.1.tgz#8461733f538b0837c9361e39a9ab9e9704dc2f28"
  dependencies:
    function-bind "^1.0.2"

hast-util-from-parse5@^1.0.0:
  version "1.1.0"
  resolved "https://registry.yarnpkg.com/hast-util-from-parse5/-/hast-util-from-parse5-1.1.0.tgz#359cc339dc8ccf1dfaca41915ad63fd546130acd"
  dependencies:
    camelcase "^3.0.0"
    has "^1.0.1"
    hastscript "^3.0.0"
    property-information "^3.1.0"
    vfile-location "^2.0.0"

hast-util-is-element@^1.0.0:
  version "1.0.0"
  resolved "https://registry.yarnpkg.com/hast-util-is-element/-/hast-util-is-element-1.0.0.tgz#3f7216978b2ae14d98749878782675f33be3ce00"

hast-util-parse-selector@^2.0.0:
  version "2.1.0"
  resolved "https://registry.yarnpkg.com/hast-util-parse-selector/-/hast-util-parse-selector-2.1.0.tgz#b55c0f4bb7bb2040c889c325ef87ab29c38102b4"

hast-util-sanitize@^1.0.0:
  version "1.1.2"
  resolved "https://registry.yarnpkg.com/hast-util-sanitize/-/hast-util-sanitize-1.1.2.tgz#d10bd6757a21e59c13abc8ae3530dd3b6d7d679e"
  dependencies:
    xtend "^4.0.1"

hast-util-to-html@^3.0.0:
  version "3.1.0"
  resolved "https://registry.yarnpkg.com/hast-util-to-html/-/hast-util-to-html-3.1.0.tgz#882c99849e40130e991c042e456d453d95c36cff"
  dependencies:
    ccount "^1.0.0"
    comma-separated-tokens "^1.0.1"
    hast-util-is-element "^1.0.0"
    hast-util-whitespace "^1.0.0"
    html-void-elements "^1.0.0"
    kebab-case "^1.0.0"
    property-information "^3.1.0"
    space-separated-tokens "^1.0.0"
    stringify-entities "^1.0.1"
    unist-util-is "^2.0.0"
    xtend "^4.0.1"

hast-util-whitespace@^1.0.0:
  version "1.0.0"
  resolved "https://registry.yarnpkg.com/hast-util-whitespace/-/hast-util-whitespace-1.0.0.tgz#bd096919625d2936e1ff17bc4df7fd727f17ece9"

hastscript@^3.0.0:
  version "3.1.0"
  resolved "https://registry.yarnpkg.com/hastscript/-/hastscript-3.1.0.tgz#66628ba6d7f1ad07d9277dd09028aba7f4934599"
  dependencies:
    camelcase "^3.0.0"
    comma-separated-tokens "^1.0.0"
    hast-util-parse-selector "^2.0.0"
    property-information "^3.0.0"
    space-separated-tokens "^1.0.0"

highlight.js@~9.12.0:
  version "9.12.0"
  resolved "https://registry.yarnpkg.com/highlight.js/-/highlight.js-9.12.0.tgz#e6d9dbe57cbefe60751f02af336195870c90c01e"

html-void-elements@^1.0.0:
  version "1.0.2"
  resolved "https://registry.yarnpkg.com/html-void-elements/-/html-void-elements-1.0.2.tgz#9d22e0ca32acc95b3f45b8d5b4f6fbdc05affd55"

inherits@^2.0.1:
  version "2.0.3"
  resolved "https://registry.yarnpkg.com/inherits/-/inherits-2.0.3.tgz#633c2c83e3da42a502f52466022480f4208261de"

is-alphabetical@^1.0.0:
  version "1.0.1"
  resolved "https://registry.yarnpkg.com/is-alphabetical/-/is-alphabetical-1.0.1.tgz#c77079cc91d4efac775be1034bf2d243f95e6f08"

is-alphanumerical@^1.0.0:
  version "1.0.1"
  resolved "https://registry.yarnpkg.com/is-alphanumerical/-/is-alphanumerical-1.0.1.tgz#dfb4aa4d1085e33bdb61c2dee9c80e9c6c19f53b"
  dependencies:
    is-alphabetical "^1.0.0"
    is-decimal "^1.0.0"

is-buffer@^1.1.4:
  version "1.1.6"
  resolved "https://registry.yarnpkg.com/is-buffer/-/is-buffer-1.1.6.tgz#efaa2ea9daa0d7ab2ea13a97b2b8ad51fefbe8be"

is-decimal@^1.0.0:
  version "1.0.1"
  resolved "https://registry.yarnpkg.com/is-decimal/-/is-decimal-1.0.1.tgz#f5fb6a94996ad9e8e3761fbfbd091f1fca8c4e82"

is-fullwidth-code-point@^1.0.0:
  version "1.0.0"
  resolved "https://registry.yarnpkg.com/is-fullwidth-code-point/-/is-fullwidth-code-point-1.0.0.tgz#ef9e31386f031a7f0d643af82fde50c457ef00cb"
  dependencies:
    number-is-nan "^1.0.0"

is-hexadecimal@^1.0.0:
  version "1.0.1"
  resolved "https://registry.yarnpkg.com/is-hexadecimal/-/is-hexadecimal-1.0.1.tgz#6e084bbc92061fbb0971ec58b6ce6d404e24da69"

is-plain-obj@^1.1.0:
  version "1.1.0"
  resolved "https://registry.yarnpkg.com/is-plain-obj/-/is-plain-obj-1.1.0.tgz#71a50c8429dfca773c92a390a4a03b39fcd51d3e"

is-whitespace-character@^1.0.0:
  version "1.0.1"
  resolved "https://registry.yarnpkg.com/is-whitespace-character/-/is-whitespace-character-1.0.1.tgz#9ae0176f3282b65457a1992cdb084f8a5f833e3b"

is-word-character@^1.0.0:
  version "1.0.1"
  resolved "https://registry.yarnpkg.com/is-word-character/-/is-word-character-1.0.1.tgz#5a03fa1ea91ace8a6eb0c7cd770eb86d65c8befb"

katex@^0.7.1:
  version "0.7.1"
  resolved "https://registry.yarnpkg.com/katex/-/katex-0.7.1.tgz#06bb5298efad05e1e7228035ba8e1591f3061b8f"
  dependencies:
    match-at "^0.1.0"

kebab-case@^1.0.0:
  version "1.0.0"
  resolved "https://registry.yarnpkg.com/kebab-case/-/kebab-case-1.0.0.tgz#3f9e4990adcad0c686c0e701f7645868f75f91eb"

lowlight@^1.2.0:
  version "1.9.1"
  resolved "https://registry.yarnpkg.com/lowlight/-/lowlight-1.9.1.tgz#ed7c3dffc36f8c1f263735c0fe0c907847c11250"
  dependencies:
    highlight.js "~9.12.0"

markdown-escapes@^1.0.0:
  version "1.0.1"
  resolved "https://registry.yarnpkg.com/markdown-escapes/-/markdown-escapes-1.0.1.tgz#1994df2d3af4811de59a6714934c2b2292734518"

match-at@^0.1.0:
  version "0.1.1"
  resolved "https://registry.yarnpkg.com/match-at/-/match-at-0.1.1.tgz#25d040d291777704d5e6556bbb79230ec2de0540"

mdast-squeeze-paragraphs@^3.0.2:
  version "3.0.2"
  resolved "https://registry.yarnpkg.com/mdast-squeeze-paragraphs/-/mdast-squeeze-paragraphs-3.0.2.tgz#b3505388be4b1ca791352ec66f9fc53c5f5e4b2e"
  dependencies:
    unist-util-remove "^1.0.0"

mdast-util-definitions@^1.2.0:
  version "1.2.2"
  resolved "https://registry.yarnpkg.com/mdast-util-definitions/-/mdast-util-definitions-1.2.2.tgz#673f4377c3e23d3de7af7a4fe2214c0e221c5ac7"
  dependencies:
    unist-util-visit "^1.0.0"

mdast-util-to-hast@^2.1.1:
  version "2.5.0"
  resolved "https://registry.yarnpkg.com/mdast-util-to-hast/-/mdast-util-to-hast-2.5.0.tgz#f087844d255c7540f36906da30ba106c0ee5ee2f"
  dependencies:
    collapse-white-space "^1.0.0"
    detab "^2.0.0"
    mdast-util-definitions "^1.2.0"
    mdurl "^1.0.1"
    trim "0.0.1"
    trim-lines "^1.0.0"
    unist-builder "^1.0.1"
    unist-util-generated "^1.1.0"
    unist-util-position "^3.0.0"
    unist-util-visit "^1.1.0"
    xtend "^4.0.1"

mdurl@^1.0.1:
  version "1.0.1"
  resolved "https://registry.yarnpkg.com/mdurl/-/mdurl-1.0.1.tgz#fe85b2ec75a59037f2adfec100fd6c601761152e"

ms@2.0.0:
  version "2.0.0"
  resolved "https://registry.yarnpkg.com/ms/-/ms-2.0.0.tgz#5608aeadfc00be6c2901df5f9861788de0d597c8"

nth-check@^1.0.1:
  version "1.0.1"
  resolved "https://registry.yarnpkg.com/nth-check/-/nth-check-1.0.1.tgz#9929acdf628fc2c41098deab82ac580cf149aae4"
  dependencies:
    boolbase "~1.0.0"

number-is-nan@^1.0.0:
  version "1.0.1"
  resolved "https://registry.yarnpkg.com/number-is-nan/-/number-is-nan-1.0.1.tgz#097b602b53422a522c1afb8790318336941a011d"

object-assign@^4.0.1, object-assign@^4.1.0:
  version "4.1.1"
  resolved "https://registry.yarnpkg.com/object-assign/-/object-assign-4.1.1.tgz#2109adc7965887cfc05cbbd442cac8bfbb360863"

parse-entities@^1.0.2:
  version "1.1.1"
  resolved "https://registry.yarnpkg.com/parse-entities/-/parse-entities-1.1.1.tgz#8112d88471319f27abae4d64964b122fe4e1b890"
  dependencies:
    character-entities "^1.0.0"
    character-entities-legacy "^1.0.0"
    character-reference-invalid "^1.0.0"
    is-alphanumerical "^1.0.0"
    is-decimal "^1.0.0"
    is-hexadecimal "^1.0.0"

parse5@^2.1.5:
  version "2.2.3"
  resolved "https://registry.yarnpkg.com/parse5/-/parse5-2.2.3.tgz#0c4fc41c1000c5e6b93d48b03f8083837834e9f6"

property-information@^3.0.0, property-information@^3.1.0:
  version "3.2.0"
  resolved "https://registry.yarnpkg.com/property-information/-/property-information-3.2.0.tgz#fd1483c8fbac61808f5fe359e7693a1f48a58331"

rehype-parse@^3.0.0:
  version "3.1.0"
  resolved "https://registry.yarnpkg.com/rehype-parse/-/rehype-parse-3.1.0.tgz#7f5227a597a3f39fc4b938646161539c444ee728"
  dependencies:
    hast-util-from-parse5 "^1.0.0"
    parse5 "^2.1.5"
    xtend "^4.0.1"

remark-frontmatter@^1.1.0:
  version "1.1.0"
  resolved "https://registry.yarnpkg.com/remark-frontmatter/-/remark-frontmatter-1.1.0.tgz#9d23c2b376f56617bdb5c5560f1b56e45b19788b"
  dependencies:
    fault "^1.0.1"
    xtend "^4.0.1"

remark-highlight.js@^5.0.0:
  version "5.0.0"
  resolved "https://registry.yarnpkg.com/remark-highlight.js/-/remark-highlight.js-5.0.0.tgz#468fb8ac6e1702bd44ee9670e172e26e2fa0f05a"
  dependencies:
    lowlight "^1.2.0"
    unist-util-visit "^1.0.0"

remark-html-katex@^1.0.2:
  version "1.0.2"
  resolved "https://registry.yarnpkg.com/remark-html-katex/-/remark-html-katex-1.0.2.tgz#c234362c62cbfac688774af9f6e406b7c38b3450"
  dependencies:
    katex "^0.7.1"
    rehype-parse "^3.0.0"
    unified "^6.1.1"
    unist-util-position "^3.0.0"
    unist-util-visit "^1.1.1"

remark-html@^6.0.1:
  version "6.0.1"
  resolved "https://registry.yarnpkg.com/remark-html/-/remark-html-6.0.1.tgz#5094d2c71f7941fdb2ae865bac76627757ce09c1"
  dependencies:
    hast-util-sanitize "^1.0.0"
    hast-util-to-html "^3.0.0"
    mdast-util-to-hast "^2.1.1"
    xtend "^4.0.1"

remark-math@^1.0.3:
  version "1.0.3"
  resolved "https://registry.yarnpkg.com/remark-math/-/remark-math-1.0.3.tgz#e8cda5af8cd8a85fc7782ccbecf0261943c29b9a"
  dependencies:
    trim-trailing-lines "^1.1.0"

remark-parse@^4.0.0:
  version "4.0.0"
  resolved "https://registry.yarnpkg.com/remark-parse/-/remark-parse-4.0.0.tgz#99f1f049afac80382366e2e0d0bd55429dd45d8b"
  dependencies:
    collapse-white-space "^1.0.2"
    is-alphabetical "^1.0.0"
    is-decimal "^1.0.0"
    is-whitespace-character "^1.0.0"
    is-word-character "^1.0.0"
    markdown-escapes "^1.0.0"
    parse-entities "^1.0.2"
    repeat-string "^1.5.4"
    state-toggle "^1.0.0"
    trim "0.0.1"
    trim-trailing-lines "^1.0.0"
    unherit "^1.0.4"
    unist-util-remove-position "^1.0.0"
    vfile-location "^2.0.0"
    xtend "^4.0.1"

repeat-string@^1.5.0, repeat-string@^1.5.4:
  version "1.6.1"
  resolved "https://registry.yarnpkg.com/repeat-string/-/repeat-string-1.6.1.tgz#8dcae470e1c88abc2d600fff4a776286da75e637"

replace-ext@1.0.0:
  version "1.0.0"
  resolved "https://registry.yarnpkg.com/replace-ext/-/replace-ext-1.0.0.tgz#de63128373fcbf7c3ccfa4de5a480c45a67958eb"

shortid@^2.2.8:
  version "2.2.8"
  resolved "https://registry.yarnpkg.com/shortid/-/shortid-2.2.8.tgz#033b117d6a2e975804f6f0969dbe7d3d0b355131"

space-separated-tokens@^1.0.0:
  version "1.1.1"
  resolved "https://registry.yarnpkg.com/space-separated-tokens/-/space-separated-tokens-1.1.1.tgz#9695b9df9e65aec1811d4c3f9ce52520bc2f7e4d"
  dependencies:
    trim "0.0.1"

state-toggle@^1.0.0:
  version "1.0.0"
  resolved "https://registry.yarnpkg.com/state-toggle/-/state-toggle-1.0.0.tgz#d20f9a616bb4f0c3b98b91922d25b640aa2bc425"

string-width@^1.0.0:
  version "1.0.2"
  resolved "https://registry.yarnpkg.com/string-width/-/string-width-1.0.2.tgz#118bdf5b8cdc51a2a7e70d211e07e2b0b9b107d3"
  dependencies:
    code-point-at "^1.0.0"
    is-fullwidth-code-point "^1.0.0"
    strip-ansi "^3.0.0"

stringify-entities@^1.0.1:
  version "1.3.1"
  resolved "https://registry.yarnpkg.com/stringify-entities/-/stringify-entities-1.3.1.tgz#b150ec2d72ac4c1b5f324b51fb6b28c9cdff058c"
  dependencies:
    character-entities-html4 "^1.0.0"
    character-entities-legacy "^1.0.0"
    is-alphanumerical "^1.0.0"
    is-hexadecimal "^1.0.0"

strip-ansi@^3.0.0:
  version "3.0.1"
  resolved "https://registry.yarnpkg.com/strip-ansi/-/strip-ansi-3.0.1.tgz#6a385fb8853d952d5ff05d0e8aaf94278dc63dcf"
  dependencies:
    ansi-regex "^2.0.0"

supports-color@^4.1.0:
  version "4.5.0"
  resolved "https://registry.yarnpkg.com/supports-color/-/supports-color-4.5.0.tgz#be7a0de484dec5c5cddf8b3d59125044912f635b"
  dependencies:
    has-flag "^2.0.0"

trim-lines@^1.0.0:
  version "1.1.0"
  resolved "https://registry.yarnpkg.com/trim-lines/-/trim-lines-1.1.0.tgz#9926d03ede13ba18f7d42222631fb04c79ff26fe"

trim-trailing-lines@^1.0.0, trim-trailing-lines@^1.1.0:
  version "1.1.0"
  resolved "https://registry.yarnpkg.com/trim-trailing-lines/-/trim-trailing-lines-1.1.0.tgz#7aefbb7808df9d669f6da2e438cac8c46ada7684"

trim@0.0.1:
  version "0.0.1"
  resolved "https://registry.yarnpkg.com/trim/-/trim-0.0.1.tgz#5858547f6b290757ee95cccc666fb50084c460dd"

trough@^1.0.0:
  version "1.0.1"
  resolved "https://registry.yarnpkg.com/trough/-/trough-1.0.1.tgz#a9fd8b0394b0ae8fff82e0633a0a36ccad5b5f86"

unherit@^1.0.4:
  version "1.1.0"
  resolved "https://registry.yarnpkg.com/unherit/-/unherit-1.1.0.tgz#6b9aaedfbf73df1756ad9e316dd981885840cd7d"
  dependencies:
    inherits "^2.0.1"
    xtend "^4.0.1"

unified@^6.1.1, unified@^6.1.6:
  version "6.1.6"
  resolved "https://registry.yarnpkg.com/unified/-/unified-6.1.6.tgz#5ea7f807a0898f1f8acdeefe5f25faa010cc42b1"
  dependencies:
    bail "^1.0.0"
    extend "^3.0.0"
    is-plain-obj "^1.1.0"
    trough "^1.0.0"
    vfile "^2.0.0"
    x-is-function "^1.0.4"
    x-is-string "^0.1.0"

unist-builder@^1.0.1:
  version "1.0.2"
  resolved "https://registry.yarnpkg.com/unist-builder/-/unist-builder-1.0.2.tgz#8c3b9903ef64bcfb117dd7cf6a5d98fc1b3b27b6"
  dependencies:
    object-assign "^4.1.0"

unist-util-find-after@^2.0.1:
  version "2.0.1"
  resolved "https://registry.yarnpkg.com/unist-util-find-after/-/unist-util-find-after-2.0.1.tgz#f0786f7a3476202d0c13e5a2d611edd40d7df2ce"
  dependencies:
    unist-util-is "^2.0.0"

unist-util-find-all-after@^1.0.1:
  version "1.0.1"
  resolved "https://registry.yarnpkg.com/unist-util-find-all-after/-/unist-util-find-all-after-1.0.1.tgz#4e5512abfef7e0616781aecf7b1ed751c00af908"
  dependencies:
    unist-util-is "^2.0.0"

unist-util-generated@^1.1.0:
  version "1.1.1"
  resolved "https://registry.yarnpkg.com/unist-util-generated/-/unist-util-generated-1.1.1.tgz#99f16c78959ac854dee7c615c291924c8bf4de7f"

unist-util-is@^2.0.0, unist-util-is@^2.1.1:
  version "2.1.1"
  resolved "https://registry.yarnpkg.com/unist-util-is/-/unist-util-is-2.1.1.tgz#0c312629e3f960c66e931e812d3d80e77010947b"

unist-util-map@^1.0.3:
  version "1.0.3"
  resolved "https://registry.yarnpkg.com/unist-util-map/-/unist-util-map-1.0.3.tgz#26a913d7cddb3cd3e9a886d135d37a3d1f54e514"
  dependencies:
    object-assign "^4.0.1"

unist-util-modify-children@^1.1.1:
  version "1.1.1"
  resolved "https://registry.yarnpkg.com/unist-util-modify-children/-/unist-util-modify-children-1.1.1.tgz#66d7e6a449e6f67220b976ab3cb8b5ebac39e51d"
  dependencies:
    array-iterate "^1.0.0"

unist-util-parents@^1.0.0:
  version "1.0.0"
  resolved "https://registry.yarnpkg.com/unist-util-parents/-/unist-util-parents-1.0.0.tgz#72485d2293b929c20a1689e245d3e57fca70ee21"
  dependencies:
    es6-weak-map "^2.0.1"

unist-util-position@^3.0.0:
  version "3.0.0"
  resolved "https://registry.yarnpkg.com/unist-util-position/-/unist-util-position-3.0.0.tgz#e6e1e03eeeb81c5e1afe553e8d4adfbd7c0d8f82"

unist-util-remove-position@^1.0.0:
  version "1.1.1"
  resolved "https://registry.yarnpkg.com/unist-util-remove-position/-/unist-util-remove-position-1.1.1.tgz#5a85c1555fc1ba0c101b86707d15e50fa4c871bb"
  dependencies:
    unist-util-visit "^1.1.0"

unist-util-remove@^1.0.0:
  version "1.0.0"
  resolved "https://registry.yarnpkg.com/unist-util-remove/-/unist-util-remove-1.0.0.tgz#d600b0984e89ab069e49b2203dd9821681958c9d"
  dependencies:
    unist-util-is "^2.0.0"

unist-util-select@^1.5.0:
  version "1.5.0"
  resolved "https://registry.yarnpkg.com/unist-util-select/-/unist-util-select-1.5.0.tgz#a93c2be8c0f653827803b81331adec2aa24cd933"
  dependencies:
    css-selector-parser "^1.1.0"
    debug "^2.2.0"
    nth-check "^1.0.1"

unist-util-stringify-position@^1.0.0, unist-util-stringify-position@^1.1.1:
  version "1.1.1"
  resolved "https://registry.yarnpkg.com/unist-util-stringify-position/-/unist-util-stringify-position-1.1.1.tgz#3ccbdc53679eed6ecf3777dd7f5e3229c1b6aa3c"

unist-util-visit@^1.0.0, unist-util-visit@^1.1.0, unist-util-visit@^1.1.1, unist-util-visit@^1.2.0:
  version "1.2.0"
  resolved "https://registry.yarnpkg.com/unist-util-visit/-/unist-util-visit-1.2.0.tgz#9dc78d1f95cd242e865f7f93f327d3296bb9a718"
  dependencies:
    unist-util-is "^2.1.1"

vfile-location@^2.0.0:
  version "2.0.2"
  resolved "https://registry.yarnpkg.com/vfile-location/-/vfile-location-2.0.2.tgz#d3675c59c877498e492b4756ff65e4af1a752255"

vfile-message@^1.0.0:
  version "1.0.0"
  resolved "https://registry.yarnpkg.com/vfile-message/-/vfile-message-1.0.0.tgz#a6adb0474ea400fa25d929f1d673abea6a17e359"
  dependencies:
    unist-util-stringify-position "^1.1.1"

vfile-reporter@^4.0.0:
  version "4.0.0"
  resolved "https://registry.yarnpkg.com/vfile-reporter/-/vfile-reporter-4.0.0.tgz#ea6f0ae1342f4841573985e05f941736f27de9da"
  dependencies:
    repeat-string "^1.5.0"
    string-width "^1.0.0"
    supports-color "^4.1.0"
    unist-util-stringify-position "^1.0.0"
    vfile-statistics "^1.1.0"

vfile-statistics@^1.1.0:
  version "1.1.0"
  resolved "https://registry.yarnpkg.com/vfile-statistics/-/vfile-statistics-1.1.0.tgz#02104c60fdeed1d11b1f73ad65330b7634b3d895"

vfile@^2.0.0:
  version "2.3.0"
  resolved "https://registry.yarnpkg.com/vfile/-/vfile-2.3.0.tgz#e62d8e72b20e83c324bc6c67278ee272488bf84a"
  dependencies:
    is-buffer "^1.1.4"
    replace-ext "1.0.0"
    unist-util-stringify-position "^1.0.0"
    vfile-message "^1.0.0"

x-is-function@^1.0.4:
  version "1.0.4"
  resolved "https://registry.yarnpkg.com/x-is-function/-/x-is-function-1.0.4.tgz#5d294dc3d268cbdd062580e0c5df77a391d1fa1e"

x-is-string@^0.1.0:
  version "0.1.0"
  resolved "https://registry.yarnpkg.com/x-is-string/-/x-is-string-0.1.0.tgz#474b50865af3a49a9c4657f05acd145458f77d82"

xtend@^4.0.1:
  version "4.0.1"
  resolved "https://registry.yarnpkg.com/xtend/-/xtend-4.0.1.tgz#a5c6d532be656e23db820efb943a1f04998d63af"
